
Microsoft Visual Studio Solution File, Format Version 12.00
# Visual Studio 15
VisualStudioVersion = 15.0.28307.1585
MinimumVisualStudioVersion = 10.0.40219.1
Project("{8BC9CEB8-8B4A-11D0-8D11-00A0C91BC942}") = "Map01", "Map01\Map01.vcxproj", "{FB1309A3-D190-4401-8344-5BCFA80E3681}"
EndProject
Global
	GlobalSection(SolutionConfigurationPlatforms) = preSolution
		Debug|x64 = Debug|x64
		Debug|x86 = Debug|x86
		Release|x64 = Release|x64
		Release|x86 = Release|x86
	EndGlobalSection
	GlobalSection(ProjectConfigurationPlatforms) = postSolution
		{FB1309A3-D190-4401-8344-5BCFA80E3681}.Debug|x64.ActiveCfg = Debug|x64
		{FB1309A3-D190-4401-8344-5BCFA80E3681}.Debug|x64.Build.0 = Debug|x64
		{FB1309A3-D190-4401-8344-5BCFA80E3681}.Debug|x86.ActiveCfg = Debug|Win32
		{FB1309A3-D190-4401-8344-5BCFA80E3681}.Debug|x86.Build.0 = Debug|Win32
		{FB1309A3-D190-4401-8344-5BCFA80E3681}.Release|x64.ActiveCfg = Release|x64
		{FB1309A3-D190-4401-8344-5BCFA80E3681}.Release|x64.Build.0 = Release|x64
		{FB1309A3-D190-4401-8344-5BCFA80E3681}.Release|x86.ActiveCfg = Release|Win32
		{FB1309A3-D190-4401-8344-5BCFA80E3681}.Release|x86.Build.0 = Release|Win32
	EndGlobalSection
	GlobalSection(SolutionProperties) = preSolution
		HideSolutionNode = FALSE
	EndGlobalSection
	GlobalSection(ExtensibilityGlobals) = postSolution
		SolutionGuid = {04DDDAA6-3B26-47E4-9770-AC5FD05B7E32}
	EndGlobalSection
EndGlobal
